
Microsoft Visual Studio Solution File, Format Version 12.00
# Visual Studio Version 16
VisualStudioVersion = 16.0.31019.35
MinimumVisualStudioVersion = 10.0.40219.1
Project("{FAE04EC0-301F-11D3-BF4B-00C04F79EFBC}") = "Project_CDIO2", "Project_CDIO2\Project_CDIO2.csproj", "{5991FE36-E43A-49C2-A43F-38741B86E2DD}"
EndProject
Global
	GlobalSection(SolutionConfigurationPlatforms) = preSolution
		Debug|Any CPU = Debug|Any CPU
		Release|Any CPU = Release|Any CPU
	EndGlobalSection
	GlobalSection(ProjectConfigurationPlatforms) = postSolution
		{5991FE36-E43A-49C2-A43F-38741B86E2DD}.Debug|Any CPU.ActiveCfg = Debug|Any CPU
		{5991FE36-E43A-49C2-A43F-38741B86E2DD}.Debug|Any CPU.Build.0 = Debug|Any CPU
		{5991FE36-E43A-49C2-A43F-38741B86E2DD}.Release|Any CPU.ActiveCfg = Release|Any CPU
		{5991FE36-E43A-49C2-A43F-38741B86E2DD}.Release|Any CPU.Build.0 = Release|Any CPU
	EndGlobalSection
	GlobalSection(SolutionProperties) = preSolution
		HideSolutionNode = FALSE
	EndGlobalSection
	GlobalSection(ExtensibilityGlobals) = postSolution
		SolutionGuid = {F89BC8E6-5615-40AF-A5B6-603CFFF4A207}
	EndGlobalSection
EndGlobal
